{
  "name": "dragoncord",
  "version": "1.0.0",
  "lockfileVersion": 1,
  "requires": true,
  "dependencies": {
    "@developerdragon/concordiaclient": {
      "version": "1.0.3",
      "resolved": "http://localhost:4873/@developerdragon%2fconcordiaclient/-/concordiaclient-1.0.3.tgz",
      "integrity": "sha512-u6M/r0coZLrXJnAMkw7lK9mAZAWsZSGTRYgk691qSKfudpGlNPsEA5UF3Dx5mshOmmlyBY1pXBx9CUPlEOzlVQ==",
      "requires": {
        "@developerdragon/dragoncordapi": "^1.0.11",
        "@types/node": "^14.14.28",
        "@types/ws": "^7.4.0",
        "ws": "^7.4.3"
      },
      "dependencies": {
        "@developerdragon/dragoncordapi": {
          "version": "1.0.11",
          "resolved": "http://localhost:4873/@developerdragon%2fdragoncordapi/-/dragoncordapi-1.0.11.tgz",
          "integrity": "sha512-t8rvQAI9Bcccp5xHYNPIZ7BaoBP3Ljiruyaw/IgeYiiLL3KQ/+necb99nrXVt77P4JHIHRk+JQdwq8/VeeZiCw=="
        },
        "@types/node": {
          "version": "14.14.28",
          "resolved": "http://localhost:4873/@types%2fnode/-/node-14.14.28.tgz",
          "integrity": "sha512-lg55ArB+ZiHHbBBttLpzD07akz0QPrZgUODNakeC09i62dnrywr9mFErHuaPlB6I7z+sEbK+IYmplahvplCj2g=="
        }
      }
    },
    "@developerdragon/dragoncordapi": {
      "version": "1.0.2",
      "resolved": "http://localhost:4873/@developerdragon%2fdragoncordapi/-/dragoncordapi-1.0.2.tgz",
      "integrity": "sha512-d/HJ//6LFRVkKce8X+5V902XYSx0IEwGq6uWVAdV+JblTCBTQwD6gSOJ92XjRWWXbBMroZsDDYrMPx03/PIfiQ=="
    },
    "@types/node": {
      "version": "14.14.20",
      "resolved": "https://registry.npmjs.org/@types/node/-/node-14.14.20.tgz",
      "integrity": "sha512-Y93R97Ouif9JEOWPIUyU+eyIdyRqQR0I8Ez1dzku4hDx34NWh4HbtIc3WNzwB1Y9ULvNGeu5B8h8bVL5cAk4/A=="
    },
    "@types/ws": {
      "version": "7.4.0",
      "resolved": "https://registry.npmjs.org/@types/ws/-/ws-7.4.0.tgz",
      "integrity": "sha512-Y29uQ3Uy+58bZrFLhX36hcI3Np37nqWE7ky5tjiDoy1GDZnIwVxS0CgF+s+1bXMzjKBFy+fqaRfb708iNzdinw==",
      "requires": {
        "@types/node": "*"
      }
    },
    "dotenv": {
      "version": "8.2.0",
      "resolved": "https://registry.npmjs.org/dotenv/-/dotenv-8.2.0.tgz",
      "integrity": "sha512-8sJ78ElpbDJBHNeBzUbUVLsqKdccaa/BXF1uPTw3GrvQTBgrQrtObr2mUrE38vzYd8cEv+m/JBfDLioYcfXoaw==",
      "dev": true
    },
    "https": {
      "version": "1.0.0",
      "resolved": "https://registry.npmjs.org/https/-/https-1.0.0.tgz",
      "integrity": "sha1-PDfHrhqO65ZpBKKtHpdaGUt+06Q="
    },
    "ws": {
      "version": "7.4.3",
      "resolved": "http://localhost:4873/ws/-/ws-7.4.3.tgz",
      "integrity": "sha512-hr6vCR76GsossIRsr8OLR9acVVm1jyfEWvhbNjtgPOrfvAlKzvyeg/P6r8RuDjRyrcQoPQT7K0DGEPc7Ae6jzA=="
    },
    "zlib": {
      "version": "1.0.5",
      "resolved": "https://registry.npmjs.org/zlib/-/zlib-1.0.5.tgz",
      "integrity": "sha1-bnyXL8NxxkWmr7A6sUdp3vEU/MA="
    }
  }
}
